
Microsoft Visual Studio Solution File, Format Version 12.00
# Visual Studio Version 17
VisualStudioVersion = 17.11.35312.102
MinimumVisualStudioVersion = 10.0.40219.1
Project("{FAE04EC0-301F-11D3-BF4B-00C04F79EFBC}") = "WebApplicationOrt-Basico", "WebApplicationOrt-Basico\WebApplicationOrt-Basico.csproj", "{03419A32-73E4-46AF-BA41-E1DA7CDDB402}"
EndProject
Global
	GlobalSection(SolutionConfigurationPlatforms) = preSolution
		Debug|Any CPU = Debug|Any CPU
		Release|Any CPU = Release|Any CPU
	EndGlobalSection
	GlobalSection(ProjectConfigurationPlatforms) = postSolution
		{03419A32-73E4-46AF-BA41-E1DA7CDDB402}.Debug|Any CPU.ActiveCfg = Debug|Any CPU
		{03419A32-73E4-46AF-BA41-E1DA7CDDB402}.Debug|Any CPU.Build.0 = Debug|Any CPU
		{03419A32-73E4-46AF-BA41-E1DA7CDDB402}.Release|Any CPU.ActiveCfg = Release|Any CPU
		{03419A32-73E4-46AF-BA41-E1DA7CDDB402}.Release|Any CPU.Build.0 = Release|Any CPU
	EndGlobalSection
	GlobalSection(SolutionProperties) = preSolution
		HideSolutionNode = FALSE
	EndGlobalSection
	GlobalSection(ExtensibilityGlobals) = postSolution
		SolutionGuid = {5C59EA1F-E776-4FE7-9E45-715F77E6C645}
	EndGlobalSection
EndGlobal
